// !$*UTF8*$!
{
	archiveVersion = 1;
	classes = {
	};
	objectVersion = 48;
	objects = {

/* Begin PBXBuildFile section */
		35D4381820FE7986000E0A46 /* ResultsControllerTableViewAdapter.swift in Sources */ = {isa = PBXBuildFile; fileRef = 35D4381720FE7986000E0A46 /* ResultsControllerTableViewAdapter.swift */; };
		35D4381C20FE7B4B000E0A46 /* Reusable.swift in Sources */ = {isa = PBXBuildFile; fileRef = 35D4381B20FE7B4B000E0A46 /* Reusable.swift */; };
		35D4381F20FE7B6D000E0A46 /* UITableView+Reusable.swift in Sources */ = {isa = PBXBuildFile; fileRef = 35D4381E20FE7B6D000E0A46 /* UITableView+Reusable.swift */; };
		35D4382520FE82B0000E0A46 /* CellDescriptor.swift in Sources */ = {isa = PBXBuildFile; fileRef = 35D4382420FE82B0000E0A46 /* CellDescriptor.swift */; };
		35D4382620FE82B0000E0A46 /* CellDescriptor.swift in Sources */ = {isa = PBXBuildFile; fileRef = 35D4382420FE82B0000E0A46 /* CellDescriptor.swift */; };
		35F311A020F9337D0062AD82 /* MMFoundation.framework in Frameworks */ = {isa = PBXBuildFile; fileRef = 35F3119720F9337D0062AD82 /* MMFoundation.framework */; };
		35F311BC20F933A90062AD82 /* MMFoundation.framework in Frameworks */ = {isa = PBXBuildFile; fileRef = 35F311B320F933A90062AD82 /* MMFoundation.framework */; };
		35F311D020F938B90062AD82 /* MMFoundation.h in Headers */ = {isa = PBXBuildFile; fileRef = 35F311CF20F938B90062AD82 /* MMFoundation.h */; settings = {ATTRIBUTES = (Public, ); }; };
		35F311D120F938B90062AD82 /* MMFoundation.h in Headers */ = {isa = PBXBuildFile; fileRef = 35F311CF20F938B90062AD82 /* MMFoundation.h */; settings = {ATTRIBUTES = (Public, ); }; };
		35F311D220F93A860062AD82 /* ResultsController.swift in Sources */ = {isa = PBXBuildFile; fileRef = 359D332220F67CA200981FA3 /* ResultsController.swift */; };
		35F311D320F93A860062AD82 /* ResultsController.swift in Sources */ = {isa = PBXBuildFile; fileRef = 359D332220F67CA200981FA3 /* ResultsController.swift */; };
		35F311D420F93A890062AD82 /* CoreDataResultsController.swift in Sources */ = {isa = PBXBuildFile; fileRef = 359D332620F67EFB00981FA3 /* CoreDataResultsController.swift */; };
		35F311D520F93A8A0062AD82 /* CoreDataResultsController.swift in Sources */ = {isa = PBXBuildFile; fileRef = 359D332620F67EFB00981FA3 /* CoreDataResultsController.swift */; };
		35F311D720F93A990062AD82 /* UITableView+ResultsControllerDelegate.swift in Sources */ = {isa = PBXBuildFile; fileRef = 359D332820F686E600981FA3 /* UITableView+ResultsControllerDelegate.swift */; };
		35F311D820F93AB00062AD82 /* KeyboardAppearObserver.swift in Sources */ = {isa = PBXBuildFile; fileRef = 35757CA81FD5DBD50022C2FB /* KeyboardAppearObserver.swift */; };
		35F311DA20F93ACE0062AD82 /* UIView+Extension.swift in Sources */ = {isa = PBXBuildFile; fileRef = 909B9B771FE1A2B800E840CA /* UIView+Extension.swift */; };
		35F311DB20F93AD90062AD82 /* RoundLayerView.swift in Sources */ = {isa = PBXBuildFile; fileRef = 350C03A120AB74DC006ADECF /* RoundLayerView.swift */; };
		35F311DC20F93AE20062AD82 /* CGPoint+Extension.swift in Sources */ = {isa = PBXBuildFile; fileRef = 35940B4920669D2E00BB7753 /* CGPoint+Extension.swift */; };
		35F311DD20F93AE20062AD82 /* CGPoint+Extension.swift in Sources */ = {isa = PBXBuildFile; fileRef = 35940B4920669D2E00BB7753 /* CGPoint+Extension.swift */; };
		35F311DE20F93B4F0062AD82 /* CAGradienLayer+Extension.swift in Sources */ = {isa = PBXBuildFile; fileRef = 352708F7206971D9004DAF8D /* CAGradienLayer+Extension.swift */; };
		35F311E320F93CD30062AD82 /* GradientRepresenting.swift in Sources */ = {isa = PBXBuildFile; fileRef = 35940B46206696BF00BB7753 /* GradientRepresenting.swift */; };
		35F311E620F93CEE0062AD82 /* GradientView.swift in Sources */ = {isa = PBXBuildFile; fileRef = 35940B442066966700BB7753 /* GradientView.swift */; };
		35F311E720F93CF00062AD82 /* GradientButton.swift in Sources */ = {isa = PBXBuildFile; fileRef = 350D55B820715F8900BB2F3B /* GradientButton.swift */; };
		35F311E820F93CF30062AD82 /* GradientLayerBasing.swift in Sources */ = {isa = PBXBuildFile; fileRef = 359F703F20A8A3C800C9A694 /* GradientLayerBasing.swift */; };
		35F311EA20F93D600062AD82 /* KeyboardAppearObserverTests.swift in Sources */ = {isa = PBXBuildFile; fileRef = 35757CAA1FD5E02F0022C2FB /* KeyboardAppearObserverTests.swift */; };
		35F311EB20F93D6D0062AD82 /* UIViewTests.swift in Sources */ = {isa = PBXBuildFile; fileRef = 3587F47720A8C2D50072AF49 /* UIViewTests.swift */; };
		35F311EC20F93D7D0062AD82 /* GradientsTest.swift in Sources */ = {isa = PBXBuildFile; fileRef = 352D29A4206AD56900B91E07 /* GradientsTest.swift */; };
		35F311F020F942D50062AD82 /* Image.swift in Sources */ = {isa = PBXBuildFile; fileRef = 35F311EF20F942D50062AD82 /* Image.swift */; };
		35F311F120F942D50062AD82 /* Image.swift in Sources */ = {isa = PBXBuildFile; fileRef = 35F311EF20F942D50062AD82 /* Image.swift */; };
		35F311F320F942DC0062AD82 /* Color.swift in Sources */ = {isa = PBXBuildFile; fileRef = 35F311F220F942DC0062AD82 /* Color.swift */; };
		35F311F420F942DC0062AD82 /* Color.swift in Sources */ = {isa = PBXBuildFile; fileRef = 35F311F220F942DC0062AD82 /* Color.swift */; };
		35F311F520F943110062AD82 /* GradientRepresenting.swift in Sources */ = {isa = PBXBuildFile; fileRef = 35940B46206696BF00BB7753 /* GradientRepresenting.swift */; };
		35F311F620F943200062AD82 /* CAGradienLayer+Extension.swift in Sources */ = {isa = PBXBuildFile; fileRef = 352708F7206971D9004DAF8D /* CAGradienLayer+Extension.swift */; };
		35F311F820F943370062AD82 /* SegmentedControl.swift in Sources */ = {isa = PBXBuildFile; fileRef = 35F311F720F943370062AD82 /* SegmentedControl.swift */; };
		35F311F920F943370062AD82 /* SegmentedControl.swift in Sources */ = {isa = PBXBuildFile; fileRef = 35F311F720F943370062AD82 /* SegmentedControl.swift */; };
		35F311FC20F9444D0062AD82 /* SegmentedControlTests_iOS.swift in Sources */ = {isa = PBXBuildFile; fileRef = 35F311FA20F9444C0062AD82 /* SegmentedControlTests_iOS.swift */; };
		35F311FF20F9444D0062AD82 /* SegmentedControlTests_macOS.swift in Sources */ = {isa = PBXBuildFile; fileRef = 35F311FB20F9444D0062AD82 /* SegmentedControlTests_macOS.swift */; };
/* End PBXBuildFile section */

/* Begin PBXContainerItemProxy section */
		35F311A120F9337D0062AD82 /* PBXContainerItemProxy */ = {
			isa = PBXContainerItemProxy;
			containerPortal = 35757C851FD5DB2A0022C2FB /* Project object */;
			proxyType = 1;
			remoteGlobalIDString = 35F3119620F9337D0062AD82;
			remoteInfo = "MMFoundation-iOS";
		};
		35F311BD20F933A90062AD82 /* PBXContainerItemProxy */ = {
			isa = PBXContainerItemProxy;
			containerPortal = 35757C851FD5DB2A0022C2FB /* Project object */;
			proxyType = 1;
			remoteGlobalIDString = 35F311B220F933A90062AD82;
			remoteInfo = "MMFoundation-macOS";
		};
/* End PBXContainerItemProxy section */

/* Begin PBXFileReference section */
		350C03A120AB74DC006ADECF /* RoundLayerView.swift */ = {isa = PBXFileReference; lastKnownFileType = sourcecode.swift; path = RoundLayerView.swift; sourceTree = "<group>"; };
		350D55B820715F8900BB2F3B /* GradientButton.swift */ = {isa = PBXFileReference; lastKnownFileType = sourcecode.swift; path = GradientButton.swift; sourceTree = "<group>"; };
		352708F7206971D9004DAF8D /* CAGradienLayer+Extension.swift */ = {isa = PBXFileReference; lastKnownFileType = sourcecode.swift; path = "CAGradienLayer+Extension.swift"; sourceTree = "<group>"; };
		352D29A4206AD56900B91E07 /* GradientsTest.swift */ = {isa = PBXFileReference; lastKnownFileType = sourcecode.swift; path = GradientsTest.swift; sourceTree = "<group>"; };
		35757CA81FD5DBD50022C2FB /* KeyboardAppearObserver.swift */ = {isa = PBXFileReference; lastKnownFileType = sourcecode.swift; path = KeyboardAppearObserver.swift; sourceTree = "<group>"; };
		35757CAA1FD5E02F0022C2FB /* KeyboardAppearObserverTests.swift */ = {isa = PBXFileReference; lastKnownFileType = sourcecode.swift; path = KeyboardAppearObserverTests.swift; sourceTree = "<group>"; };
		3587F47720A8C2D50072AF49 /* UIViewTests.swift */ = {isa = PBXFileReference; lastKnownFileType = sourcecode.swift; path = UIViewTests.swift; sourceTree = "<group>"; };
		35940B442066966700BB7753 /* GradientView.swift */ = {isa = PBXFileReference; lastKnownFileType = sourcecode.swift; path = GradientView.swift; sourceTree = "<group>"; };
		35940B46206696BF00BB7753 /* GradientRepresenting.swift */ = {isa = PBXFileReference; lastKnownFileType = sourcecode.swift; path = GradientRepresenting.swift; sourceTree = "<group>"; };
		35940B4920669D2E00BB7753 /* CGPoint+Extension.swift */ = {isa = PBXFileReference; lastKnownFileType = sourcecode.swift; path = "CGPoint+Extension.swift"; sourceTree = "<group>"; };
		359D332220F67CA200981FA3 /* ResultsController.swift */ = {isa = PBXFileReference; lastKnownFileType = sourcecode.swift; path = ResultsController.swift; sourceTree = "<group>"; };
		359D332620F67EFB00981FA3 /* CoreDataResultsController.swift */ = {isa = PBXFileReference; lastKnownFileType = sourcecode.swift; path = CoreDataResultsController.swift; sourceTree = "<group>"; };
		359D332820F686E600981FA3 /* UITableView+ResultsControllerDelegate.swift */ = {isa = PBXFileReference; lastKnownFileType = sourcecode.swift; path = "UITableView+ResultsControllerDelegate.swift"; sourceTree = "<group>"; };
		359F703F20A8A3C800C9A694 /* GradientLayerBasing.swift */ = {isa = PBXFileReference; lastKnownFileType = sourcecode.swift; path = GradientLayerBasing.swift; sourceTree = "<group>"; };
		35D4381720FE7986000E0A46 /* ResultsControllerTableViewAdapter.swift */ = {isa = PBXFileReference; lastKnownFileType = sourcecode.swift; path = ResultsControllerTableViewAdapter.swift; sourceTree = "<group>"; };
		35D4381B20FE7B4B000E0A46 /* Reusable.swift */ = {isa = PBXFileReference; lastKnownFileType = sourcecode.swift; path = Reusable.swift; sourceTree = "<group>"; };
		35D4381E20FE7B6D000E0A46 /* UITableView+Reusable.swift */ = {isa = PBXFileReference; lastKnownFileType = sourcecode.swift; path = "UITableView+Reusable.swift"; sourceTree = "<group>"; };
		35D4382420FE82B0000E0A46 /* CellDescriptor.swift */ = {isa = PBXFileReference; lastKnownFileType = sourcecode.swift; path = CellDescriptor.swift; sourceTree = "<group>"; };
		35F3119720F9337D0062AD82 /* MMFoundation.framework */ = {isa = PBXFileReference; explicitFileType = wrapper.framework; includeInIndex = 0; path = MMFoundation.framework; sourceTree = BUILT_PRODUCTS_DIR; };
		35F3119A20F9337D0062AD82 /* Info-iOS.plist */ = {isa = PBXFileReference; lastKnownFileType = text.plist.xml; path = "Info-iOS.plist"; sourceTree = "<group>"; };
		35F3119F20F9337D0062AD82 /* MMFoundation-iOSTests.xctest */ = {isa = PBXFileReference; explicitFileType = wrapper.cfbundle; includeInIndex = 0; path = "MMFoundation-iOSTests.xctest"; sourceTree = BUILT_PRODUCTS_DIR; };
		35F311A620F9337D0062AD82 /* Info-iOS-unittests.plist */ = {isa = PBXFileReference; lastKnownFileType = text.plist.xml; path = "Info-iOS-unittests.plist"; sourceTree = "<group>"; };
		35F311B320F933A90062AD82 /* MMFoundation.framework */ = {isa = PBXFileReference; explicitFileType = wrapper.framework; includeInIndex = 0; path = MMFoundation.framework; sourceTree = BUILT_PRODUCTS_DIR; };
		35F311B620F933A90062AD82 /* Info-macOS.plist */ = {isa = PBXFileReference; lastKnownFileType = text.plist.xml; path = "Info-macOS.plist"; sourceTree = "<group>"; };
		35F311BB20F933A90062AD82 /* MMFoundation-macOSTests.xctest */ = {isa = PBXFileReference; explicitFileType = wrapper.cfbundle; includeInIndex = 0; path = "MMFoundation-macOSTests.xctest"; sourceTree = BUILT_PRODUCTS_DIR; };
		35F311C220F933A90062AD82 /* Info-macOS-unittests.plist */ = {isa = PBXFileReference; lastKnownFileType = text.plist.xml; path = "Info-macOS-unittests.plist"; sourceTree = "<group>"; };
		35F311CF20F938B90062AD82 /* MMFoundation.h */ = {isa = PBXFileReference; lastKnownFileType = sourcecode.c.h; path = MMFoundation.h; sourceTree = "<group>"; };
		35F311EF20F942D50062AD82 /* Image.swift */ = {isa = PBXFileReference; lastKnownFileType = sourcecode.swift; path = Image.swift; sourceTree = "<group>"; };
		35F311F220F942DC0062AD82 /* Color.swift */ = {isa = PBXFileReference; lastKnownFileType = sourcecode.swift; path = Color.swift; sourceTree = "<group>"; };
		35F311F720F943370062AD82 /* SegmentedControl.swift */ = {isa = PBXFileReference; lastKnownFileType = sourcecode.swift; path = SegmentedControl.swift; sourceTree = "<group>"; };
		35F311FA20F9444C0062AD82 /* SegmentedControlTests_iOS.swift */ = {isa = PBXFileReference; fileEncoding = 4; lastKnownFileType = sourcecode.swift; path = SegmentedControlTests_iOS.swift; sourceTree = "<group>"; };
		35F311FB20F9444D0062AD82 /* SegmentedControlTests_macOS.swift */ = {isa = PBXFileReference; fileEncoding = 4; lastKnownFileType = sourcecode.swift; path = SegmentedControlTests_macOS.swift; sourceTree = "<group>"; };
		909B9B771FE1A2B800E840CA /* UIView+Extension.swift */ = {isa = PBXFileReference; lastKnownFileType = sourcecode.swift; path = "UIView+Extension.swift"; sourceTree = "<group>"; };
/* End PBXFileReference section */

/* Begin PBXFrameworksBuildPhase section */
		35F3119320F9337D0062AD82 /* Frameworks */ = {
			isa = PBXFrameworksBuildPhase;
			buildActionMask = 2147483647;
			files = (
			);
			runOnlyForDeploymentPostprocessing = 0;
		};
		35F3119C20F9337D0062AD82 /* Frameworks */ = {
			isa = PBXFrameworksBuildPhase;
			buildActionMask = 2147483647;
			files = (
				35F311A020F9337D0062AD82 /* MMFoundation.framework in Frameworks */,
			);
			runOnlyForDeploymentPostprocessing = 0;
		};
		35F311AF20F933A90062AD82 /* Frameworks */ = {
			isa = PBXFrameworksBuildPhase;
			buildActionMask = 2147483647;
			files = (
			);
			runOnlyForDeploymentPostprocessing = 0;
		};
		35F311B820F933A90062AD82 /* Frameworks */ = {
			isa = PBXFrameworksBuildPhase;
			buildActionMask = 2147483647;
			files = (
				35F311BC20F933A90062AD82 /* MMFoundation.framework in Frameworks */,
			);
			runOnlyForDeploymentPostprocessing = 0;
		};
/* End PBXFrameworksBuildPhase section */

/* Begin PBXGroup section */
		35757C841FD5DB2A0022C2FB = {
			isa = PBXGroup;
			children = (
				35F311CA20F9366A0062AD82 /* Sources */,
				35F311E920F93D310062AD82 /* UnitTests */,
				35757C8F1FD5DB2A0022C2FB /* Products */,
			);
			sourceTree = "<group>";
		};
		35757C8F1FD5DB2A0022C2FB /* Products */ = {
			isa = PBXGroup;
			children = (
				35F3119720F9337D0062AD82 /* MMFoundation.framework */,
				35F3119F20F9337D0062AD82 /* MMFoundation-iOSTests.xctest */,
				35F311B320F933A90062AD82 /* MMFoundation.framework */,
				35F311BB20F933A90062AD82 /* MMFoundation-macOSTests.xctest */,
			);
			name = Products;
			sourceTree = "<group>";
		};
		35940B432066962E00BB7753 /* Gradient */ = {
			isa = PBXGroup;
			children = (
				35F311E520F93CDB0062AD82 /* iOS */,
				35940B46206696BF00BB7753 /* GradientRepresenting.swift */,
				352708F7206971D9004DAF8D /* CAGradienLayer+Extension.swift */,
			);
			path = Gradient;
			sourceTree = "<group>";
		};
		359D332120F67C8600981FA3 /* ResultsController */ = {
			isa = PBXGroup;
			children = (
				35F311E220F93CA80062AD82 /* iOS */,
				359D332220F67CA200981FA3 /* ResultsController.swift */,
				359D332620F67EFB00981FA3 /* CoreDataResultsController.swift */,
				35D4382420FE82B0000E0A46 /* CellDescriptor.swift */,
			);
			path = ResultsController;
			sourceTree = "<group>";
		};
		35D4381A20FE7B3C000E0A46 /* Reusable */ = {
			isa = PBXGroup;
			children = (
				35D4381B20FE7B4B000E0A46 /* Reusable.swift */,
				35D4381E20FE7B6D000E0A46 /* UITableView+Reusable.swift */,
			);
			path = Reusable;
			sourceTree = "<group>";
		};
		35F311CA20F9366A0062AD82 /* Sources */ = {
			isa = PBXGroup;
			children = (
				35F311EE20F942C30062AD82 /* Typealiases */,
				359D332120F67C8600981FA3 /* ResultsController */,
				35F311E020F93BBC0062AD82 /* UI */,
				35F311CB20F9368A0062AD82 /* Configuration */,
				35F311CF20F938B90062AD82 /* MMFoundation.h */,
			);
			path = Sources;
			sourceTree = "<group>";
		};
		35F311CB20F9368A0062AD82 /* Configuration */ = {
			isa = PBXGroup;
			children = (
				35F3119A20F9337D0062AD82 /* Info-iOS.plist */,
				35F311A620F9337D0062AD82 /* Info-iOS-unittests.plist */,
				35F311B620F933A90062AD82 /* Info-macOS.plist */,
				35F311C220F933A90062AD82 /* Info-macOS-unittests.plist */,
			);
			path = Configuration;
			sourceTree = "<group>";
		};
		35F311E020F93BBC0062AD82 /* UI */ = {
			isa = PBXGroup;
			children = (
				35D4381A20FE7B3C000E0A46 /* Reusable */,
				35F311E120F93C880062AD82 /* Geometry */,
				35757CA81FD5DBD50022C2FB /* KeyboardAppearObserver.swift */,
				909B9B771FE1A2B800E840CA /* UIView+Extension.swift */,
				350C03A120AB74DC006ADECF /* RoundLayerView.swift */,
				35940B432066962E00BB7753 /* Gradient */,
			);
			path = UI;
			sourceTree = "<group>";
		};
		35F311E120F93C880062AD82 /* Geometry */ = {
			isa = PBXGroup;
			children = (
				35940B4920669D2E00BB7753 /* CGPoint+Extension.swift */,
			);
			path = Geometry;
			sourceTree = "<group>";
		};
		35F311E220F93CA80062AD82 /* iOS */ = {
			isa = PBXGroup;
			children = (
				359D332820F686E600981FA3 /* UITableView+ResultsControllerDelegate.swift */,
				35D4381720FE7986000E0A46 /* ResultsControllerTableViewAdapter.swift */,
			);
			path = iOS;
			sourceTree = "<group>";
		};
		35F311E520F93CDB0062AD82 /* iOS */ = {
			isa = PBXGroup;
			children = (
				35940B442066966700BB7753 /* GradientView.swift */,
				350D55B820715F8900BB2F3B /* GradientButton.swift */,
				359F703F20A8A3C800C9A694 /* GradientLayerBasing.swift */,
			);
			path = iOS;
			sourceTree = "<group>";
		};
		35F311E920F93D310062AD82 /* UnitTests */ = {
			isa = PBXGroup;
			children = (
				35F311FA20F9444C0062AD82 /* SegmentedControlTests_iOS.swift */,
				35F311FB20F9444D0062AD82 /* SegmentedControlTests_macOS.swift */,
				35757CAA1FD5E02F0022C2FB /* KeyboardAppearObserverTests.swift */,
				352D29A4206AD56900B91E07 /* GradientsTest.swift */,
				3587F47720A8C2D50072AF49 /* UIViewTests.swift */,
			);
			path = UnitTests;
			sourceTree = "<group>";
		};
		35F311EE20F942C30062AD82 /* Typealiases */ = {
			isa = PBXGroup;
			children = (
				35F311EF20F942D50062AD82 /* Image.swift */,
				35F311F220F942DC0062AD82 /* Color.swift */,
				35F311F720F943370062AD82 /* SegmentedControl.swift */,
			);
			path = Typealiases;
			sourceTree = "<group>";
		};
/* End PBXGroup section */

/* Begin PBXHeadersBuildPhase section */
		35F3119420F9337D0062AD82 /* Headers */ = {
			isa = PBXHeadersBuildPhase;
			buildActionMask = 2147483647;
			files = (
				35F311D020F938B90062AD82 /* MMFoundation.h in Headers */,
			);
			runOnlyForDeploymentPostprocessing = 0;
		};
		35F311B020F933A90062AD82 /* Headers */ = {
			isa = PBXHeadersBuildPhase;
			buildActionMask = 2147483647;
			files = (
				35F311D120F938B90062AD82 /* MMFoundation.h in Headers */,
			);
			runOnlyForDeploymentPostprocessing = 0;
		};
/* End PBXHeadersBuildPhase section */

/* Begin PBXNativeTarget section */
		35F3119620F9337D0062AD82 /* MMFoundation-iOS */ = {
			isa = PBXNativeTarget;
			buildConfigurationList = 35F311A820F9337D0062AD82 /* Build configuration list for PBXNativeTarget "MMFoundation-iOS" */;
			buildPhases = (
				35F3119220F9337D0062AD82 /* Sources */,
				35F3119320F9337D0062AD82 /* Frameworks */,
				35F3119420F9337D0062AD82 /* Headers */,
				35F3119520F9337D0062AD82 /* Resources */,
			);
			buildRules = (
			);
			dependencies = (
			);
			name = "MMFoundation-iOS";
			productName = "MMFoundation-iOS";
			productReference = 35F3119720F9337D0062AD82 /* MMFoundation.framework */;
			productType = "com.apple.product-type.framework";
		};
		35F3119E20F9337D0062AD82 /* MMFoundation-iOSTests */ = {
			isa = PBXNativeTarget;
			buildConfigurationList = 35F311AB20F9337D0062AD82 /* Build configuration list for PBXNativeTarget "MMFoundation-iOSTests" */;
			buildPhases = (
				35F3119B20F9337D0062AD82 /* Sources */,
				35F3119C20F9337D0062AD82 /* Frameworks */,
				35F3119D20F9337D0062AD82 /* Resources */,
			);
			buildRules = (
			);
			dependencies = (
				35F311A220F9337D0062AD82 /* PBXTargetDependency */,
			);
			name = "MMFoundation-iOSTests";
			productName = "MMFoundation-iOSTests";
			productReference = 35F3119F20F9337D0062AD82 /* MMFoundation-iOSTests.xctest */;
			productType = "com.apple.product-type.bundle.unit-test";
		};
		35F311B220F933A90062AD82 /* MMFoundation-macOS */ = {
			isa = PBXNativeTarget;
			buildConfigurationList = 35F311C420F933A90062AD82 /* Build configuration list for PBXNativeTarget "MMFoundation-macOS" */;
			buildPhases = (
				35F311AE20F933A90062AD82 /* Sources */,
				35F311AF20F933A90062AD82 /* Frameworks */,
				35F311B020F933A90062AD82 /* Headers */,
				35F311B120F933A90062AD82 /* Resources */,
			);
			buildRules = (
			);
			dependencies = (
			);
			name = "MMFoundation-macOS";
			productName = "MMFoundation-macOS";
			productReference = 35F311B320F933A90062AD82 /* MMFoundation.framework */;
			productType = "com.apple.product-type.framework";
		};
		35F311BA20F933A90062AD82 /* MMFoundation-macOSTests */ = {
			isa = PBXNativeTarget;
			buildConfigurationList = 35F311C720F933A90062AD82 /* Build configuration list for PBXNativeTarget "MMFoundation-macOSTests" */;
			buildPhases = (
				35F311B720F933A90062AD82 /* Sources */,
				35F311B820F933A90062AD82 /* Frameworks */,
				35F311B920F933A90062AD82 /* Resources */,
			);
			buildRules = (
			);
			dependencies = (
				35F311BE20F933A90062AD82 /* PBXTargetDependency */,
			);
			name = "MMFoundation-macOSTests";
			productName = "MMFoundation-macOSTests";
			productReference = 35F311BB20F933A90062AD82 /* MMFoundation-macOSTests.xctest */;
			productType = "com.apple.product-type.bundle.unit-test";
		};
/* End PBXNativeTarget section */

/* Begin PBXProject section */
		35757C851FD5DB2A0022C2FB /* Project object */ = {
			isa = PBXProject;
			attributes = {
				LastSwiftUpdateCheck = 0940;
				LastUpgradeCheck = 0940;
				ORGANIZATIONNAME = "Michal Moskala";
				TargetAttributes = {
					35F3119620F9337D0062AD82 = {
						CreatedOnToolsVersion = 9.4.1;
						ProvisioningStyle = Automatic;
					};
					35F3119E20F9337D0062AD82 = {
						CreatedOnToolsVersion = 9.4.1;
						ProvisioningStyle = Automatic;
					};
					35F311B220F933A90062AD82 = {
						CreatedOnToolsVersion = 9.4.1;
						ProvisioningStyle = Automatic;
					};
					35F311BA20F933A90062AD82 = {
						CreatedOnToolsVersion = 9.4.1;
						LastSwiftMigration = 0940;
						ProvisioningStyle = Automatic;
					};
				};
			};
			buildConfigurationList = 35757C881FD5DB2A0022C2FB /* Build configuration list for PBXProject "MMFoundation" */;
			compatibilityVersion = "Xcode 8.0";
			developmentRegion = en;
			hasScannedForEncodings = 0;
			knownRegions = (
				en,
			);
			mainGroup = 35757C841FD5DB2A0022C2FB;
			productRefGroup = 35757C8F1FD5DB2A0022C2FB /* Products */;
			projectDirPath = "";
			projectRoot = "";
			targets = (
				35F3119620F9337D0062AD82 /* MMFoundation-iOS */,
				35F3119E20F9337D0062AD82 /* MMFoundation-iOSTests */,
				35F311B220F933A90062AD82 /* MMFoundation-macOS */,
				35F311BA20F933A90062AD82 /* MMFoundation-macOSTests */,
			);
		};
/* End PBXProject section */

/* Begin PBXResourcesBuildPhase section */
		35F3119520F9337D0062AD82 /* Resources */ = {
			isa = PBXResourcesBuildPhase;
			buildActionMask = 2147483647;
			files = (
			);
			runOnlyForDeploymentPostprocessing = 0;
		};
		35F3119D20F9337D0062AD82 /* Resources */ = {
			isa = PBXResourcesBuildPhase;
			buildActionMask = 2147483647;
			files = (
			);
			runOnlyForDeploymentPostprocessing = 0;
		};
		35F311B120F933A90062AD82 /* Resources */ = {
			isa = PBXResourcesBuildPhase;
			buildActionMask = 2147483647;
			files = (
			);
			runOnlyForDeploymentPostprocessing = 0;
		};
		35F311B920F933A90062AD82 /* Resources */ = {
			isa = PBXResourcesBuildPhase;
			buildActionMask = 2147483647;
			files = (
			);
			runOnlyForDeploymentPostprocessing = 0;
		};
/* End PBXResourcesBuildPhase section */

/* Begin PBXSourcesBuildPhase section */
		35F3119220F9337D0062AD82 /* Sources */ = {
			isa = PBXSourcesBuildPhase;
			buildActionMask = 2147483647;
			files = (
				35F311D720F93A990062AD82 /* UITableView+ResultsControllerDelegate.swift in Sources */,
				35F311DB20F93AD90062AD82 /* RoundLayerView.swift in Sources */,
				35F311E620F93CEE0062AD82 /* GradientView.swift in Sources */,
				35F311D820F93AB00062AD82 /* KeyboardAppearObserver.swift in Sources */,
				35D4381F20FE7B6D000E0A46 /* UITableView+Reusable.swift in Sources */,
				35F311E720F93CF00062AD82 /* GradientButton.swift in Sources */,
				35F311D320F93A860062AD82 /* ResultsController.swift in Sources */,
				35F311F020F942D50062AD82 /* Image.swift in Sources */,
				35F311DE20F93B4F0062AD82 /* CAGradienLayer+Extension.swift in Sources */,
				35F311E320F93CD30062AD82 /* GradientRepresenting.swift in Sources */,
				35F311F320F942DC0062AD82 /* Color.swift in Sources */,
				35F311DD20F93AE20062AD82 /* CGPoint+Extension.swift in Sources */,
				35D4381C20FE7B4B000E0A46 /* Reusable.swift in Sources */,
				35F311DA20F93ACE0062AD82 /* UIView+Extension.swift in Sources */,
				35D4381820FE7986000E0A46 /* ResultsControllerTableViewAdapter.swift in Sources */,
				35D4382520FE82B0000E0A46 /* CellDescriptor.swift in Sources */,
				35F311D420F93A890062AD82 /* CoreDataResultsController.swift in Sources */,
				35F311F820F943370062AD82 /* SegmentedControl.swift in Sources */,
				35F311E820F93CF30062AD82 /* GradientLayerBasing.swift in Sources */,
			);
			runOnlyForDeploymentPostprocessing = 0;
		};
		35F3119B20F9337D0062AD82 /* Sources */ = {
			isa = PBXSourcesBuildPhase;
			buildActionMask = 2147483647;
			files = (
				35F311FC20F9444D0062AD82 /* SegmentedControlTests_iOS.swift in Sources */,
				35F311EC20F93D7D0062AD82 /* GradientsTest.swift in Sources */,
				35F311EB20F93D6D0062AD82 /* UIViewTests.swift in Sources */,
				35F311EA20F93D600062AD82 /* KeyboardAppearObserverTests.swift in Sources */,
			);
			runOnlyForDeploymentPostprocessing = 0;
		};
		35F311AE20F933A90062AD82 /* Sources */ = {
			isa = PBXSourcesBuildPhase;
			buildActionMask = 2147483647;
			files = (
				35F311D220F93A860062AD82 /* ResultsController.swift in Sources */,
				35F311F120F942D50062AD82 /* Image.swift in Sources */,
				35F311DC20F93AE20062AD82 /* CGPoint+Extension.swift in Sources */,
				35F311F420F942DC0062AD82 /* Color.swift in Sources */,
				35F311F620F943200062AD82 /* CAGradienLayer+Extension.swift in Sources */,
				35D4382620FE82B0000E0A46 /* CellDescriptor.swift in Sources */,
				35F311D520F93A8A0062AD82 /* CoreDataResultsController.swift in Sources */,
				35F311F920F943370062AD82 /* SegmentedControl.swift in Sources */,
				35F311F520F943110062AD82 /* GradientRepresenting.swift in Sources */,
			);
			runOnlyForDeploymentPostprocessing = 0;
		};
		35F311B720F933A90062AD82 /* Sources */ = {
			isa = PBXSourcesBuildPhase;
			buildActionMask = 2147483647;
			files = (
				35F311FF20F9444D0062AD82 /* SegmentedControlTests_macOS.swift in Sources */,
			);
			runOnlyForDeploymentPostprocessing = 0;
		};
/* End PBXSourcesBuildPhase section */

/* Begin PBXTargetDependency section */
		35F311A220F9337D0062AD82 /* PBXTargetDependency */ = {
			isa = PBXTargetDependency;
			target = 35F3119620F9337D0062AD82 /* MMFoundation-iOS */;
			targetProxy = 35F311A120F9337D0062AD82 /* PBXContainerItemProxy */;
		};
		35F311BE20F933A90062AD82 /* PBXTargetDependency */ = {
			isa = PBXTargetDependency;
			target = 35F311B220F933A90062AD82 /* MMFoundation-macOS */;
			targetProxy = 35F311BD20F933A90062AD82 /* PBXContainerItemProxy */;
		};
/* End PBXTargetDependency section */

/* Begin XCBuildConfiguration section */
		35757CA01FD5DB2A0022C2FB /* Debug */ = {
			isa = XCBuildConfiguration;
			buildSettings = {
				ALWAYS_SEARCH_USER_PATHS = NO;
				CLANG_ANALYZER_NONNULL = YES;
				CLANG_ANALYZER_NUMBER_OBJECT_CONVERSION = YES_AGGRESSIVE;
				CLANG_CXX_LANGUAGE_STANDARD = "gnu++14";
				CLANG_CXX_LIBRARY = "libc++";
				CLANG_ENABLE_MODULES = YES;
				CLANG_ENABLE_OBJC_ARC = YES;
				CLANG_WARN_BLOCK_CAPTURE_AUTORELEASING = YES;
				CLANG_WARN_BOOL_CONVERSION = YES;
				CLANG_WARN_COMMA = YES;
				CLANG_WARN_CONSTANT_CONVERSION = YES;
				CLANG_WARN_DEPRECATED_OBJC_IMPLEMENTATIONS = YES;
				CLANG_WARN_DIRECT_OBJC_ISA_USAGE = YES_ERROR;
				CLANG_WARN_DOCUMENTATION_COMMENTS = YES;
				CLANG_WARN_EMPTY_BODY = YES;
				CLANG_WARN_ENUM_CONVERSION = YES;
				CLANG_WARN_INFINITE_RECURSION = YES;
				CLANG_WARN_INT_CONVERSION = YES;
				CLANG_WARN_NON_LITERAL_NULL_CONVERSION = YES;
				CLANG_WARN_OBJC_IMPLICIT_RETAIN_SELF = YES;
				CLANG_WARN_OBJC_LITERAL_CONVERSION = YES;
				CLANG_WARN_OBJC_ROOT_CLASS = YES_ERROR;
				CLANG_WARN_RANGE_LOOP_ANALYSIS = YES;
				CLANG_WARN_STRICT_PROTOTYPES = YES;
				CLANG_WARN_SUSPICIOUS_MOVE = YES;
				CLANG_WARN_UNGUARDED_AVAILABILITY = YES_AGGRESSIVE;
				CLANG_WARN_UNREACHABLE_CODE = YES;
				CLANG_WARN__DUPLICATE_METHOD_MATCH = YES;
				CODE_SIGN_IDENTITY = "iPhone Developer";
				COPY_PHASE_STRIP = NO;
				CURRENT_PROJECT_VERSION = 1;
				DEBUG_INFORMATION_FORMAT = dwarf;
				ENABLE_STRICT_OBJC_MSGSEND = YES;
				ENABLE_TESTABILITY = YES;
				GCC_C_LANGUAGE_STANDARD = gnu11;
				GCC_DYNAMIC_NO_PIC = NO;
				GCC_NO_COMMON_BLOCKS = YES;
				GCC_OPTIMIZATION_LEVEL = 0;
				GCC_PREPROCESSOR_DEFINITIONS = (
					"DEBUG=1",
					"$(inherited)",
				);
				GCC_WARN_64_TO_32_BIT_CONVERSION = YES;
				GCC_WARN_ABOUT_RETURN_TYPE = YES_ERROR;
				GCC_WARN_UNDECLARED_SELECTOR = YES;
				GCC_WARN_UNINITIALIZED_AUTOS = YES_AGGRESSIVE;
				GCC_WARN_UNUSED_FUNCTION = YES;
				GCC_WARN_UNUSED_VARIABLE = YES;
				IPHONEOS_DEPLOYMENT_TARGET = 11.1;
				MTL_ENABLE_DEBUG_INFO = YES;
				ONLY_ACTIVE_ARCH = YES;
				SDKROOT = iphoneos;
				SWIFT_ACTIVE_COMPILATION_CONDITIONS = DEBUG;
				SWIFT_OPTIMIZATION_LEVEL = "-Onone";
				VERSIONING_SYSTEM = "apple-generic";
				VERSION_INFO_PREFIX = "";
			};
			name = Debug;
		};
		35757CA11FD5DB2A0022C2FB /* Release */ = {
			isa = XCBuildConfiguration;
			buildSettings = {
				ALWAYS_SEARCH_USER_PATHS = NO;
				CLANG_ANALYZER_NONNULL = YES;
				CLANG_ANALYZER_NUMBER_OBJECT_CONVERSION = YES_AGGRESSIVE;
				CLANG_CXX_LANGUAGE_STANDARD = "gnu++14";
				CLANG_CXX_LIBRARY = "libc++";
				CLANG_ENABLE_MODULES = YES;
				CLANG_ENABLE_OBJC_ARC = YES;
				CLANG_WARN_BLOCK_CAPTURE_AUTORELEASING = YES;
				CLANG_WARN_BOOL_CONVERSION = YES;
				CLANG_WARN_COMMA = YES;
				CLANG_WARN_CONSTANT_CONVERSION = YES;
				CLANG_WARN_DEPRECATED_OBJC_IMPLEMENTATIONS = YES;
				CLANG_WARN_DIRECT_OBJC_ISA_USAGE = YES_ERROR;
				CLANG_WARN_DOCUMENTATION_COMMENTS = YES;
				CLANG_WARN_EMPTY_BODY = YES;
				CLANG_WARN_ENUM_CONVERSION = YES;
				CLANG_WARN_INFINITE_RECURSION = YES;
				CLANG_WARN_INT_CONVERSION = YES;
				CLANG_WARN_NON_LITERAL_NULL_CONVERSION = YES;
				CLANG_WARN_OBJC_IMPLICIT_RETAIN_SELF = YES;
				CLANG_WARN_OBJC_LITERAL_CONVERSION = YES;
				CLANG_WARN_OBJC_ROOT_CLASS = YES_ERROR;
				CLANG_WARN_RANGE_LOOP_ANALYSIS = YES;
				CLANG_WARN_STRICT_PROTOTYPES = YES;
				CLANG_WARN_SUSPICIOUS_MOVE = YES;
				CLANG_WARN_UNGUARDED_AVAILABILITY = YES_AGGRESSIVE;
				CLANG_WARN_UNREACHABLE_CODE = YES;
				CLANG_WARN__DUPLICATE_METHOD_MATCH = YES;
				CODE_SIGN_IDENTITY = "iPhone Developer";
				COPY_PHASE_STRIP = NO;
				CURRENT_PROJECT_VERSION = 1;
				DEBUG_INFORMATION_FORMAT = "dwarf-with-dsym";
				ENABLE_NS_ASSERTIONS = NO;
				ENABLE_STRICT_OBJC_MSGSEND = YES;
				GCC_C_LANGUAGE_STANDARD = gnu11;
				GCC_NO_COMMON_BLOCKS = YES;
				GCC_WARN_64_TO_32_BIT_CONVERSION = YES;
				GCC_WARN_ABOUT_RETURN_TYPE = YES_ERROR;
				GCC_WARN_UNDECLARED_SELECTOR = YES;
				GCC_WARN_UNINITIALIZED_AUTOS = YES_AGGRESSIVE;
				GCC_WARN_UNUSED_FUNCTION = YES;
				GCC_WARN_UNUSED_VARIABLE = YES;
				IPHONEOS_DEPLOYMENT_TARGET = 11.1;
				MTL_ENABLE_DEBUG_INFO = NO;
				SDKROOT = iphoneos;
				SWIFT_OPTIMIZATION_LEVEL = "-Owholemodule";
				VALIDATE_PRODUCT = YES;
				VERSIONING_SYSTEM = "apple-generic";
				VERSION_INFO_PREFIX = "";
			};
			name = Release;
		};
		35F311A920F9337D0062AD82 /* Debug */ = {
			isa = XCBuildConfiguration;
			buildSettings = {
				CLANG_ENABLE_OBJC_WEAK = YES;
				CODE_SIGN_IDENTITY = "";
				CODE_SIGN_STYLE = Automatic;
				DEFINES_MODULE = YES;
				DEVELOPMENT_TEAM = R77HUFLYN8;
				DYLIB_COMPATIBILITY_VERSION = 1;
				DYLIB_CURRENT_VERSION = 1;
				DYLIB_INSTALL_NAME_BASE = "@rpath";
				INFOPLIST_FILE = "Sources/Configuration/Info-iOS.plist";
				INSTALL_PATH = "$(LOCAL_LIBRARY_DIR)/Frameworks";
				IPHONEOS_DEPLOYMENT_TARGET = 11.0;
				LD_RUNPATH_SEARCH_PATHS = "$(inherited) @executable_path/Frameworks @loader_path/Frameworks";
				PRODUCT_BUNDLE_IDENTIFIER = michal.moskala.MMFoundation;
				PRODUCT_NAME = "$(PROJECT_NAME)";
				SKIP_INSTALL = YES;
				SWIFT_VERSION = 4.0;
				TARGETED_DEVICE_FAMILY = "1,2";
			};
			name = Debug;
		};
		35F311AA20F9337D0062AD82 /* Release */ = {
			isa = XCBuildConfiguration;
			buildSettings = {
				CLANG_ENABLE_OBJC_WEAK = YES;
				CODE_SIGN_IDENTITY = "";
				CODE_SIGN_STYLE = Automatic;
				DEFINES_MODULE = YES;
				DEVELOPMENT_TEAM = R77HUFLYN8;
				DYLIB_COMPATIBILITY_VERSION = 1;
				DYLIB_CURRENT_VERSION = 1;
				DYLIB_INSTALL_NAME_BASE = "@rpath";
				INFOPLIST_FILE = "Sources/Configuration/Info-iOS.plist";
				INSTALL_PATH = "$(LOCAL_LIBRARY_DIR)/Frameworks";
				IPHONEOS_DEPLOYMENT_TARGET = 11.0;
				LD_RUNPATH_SEARCH_PATHS = "$(inherited) @executable_path/Frameworks @loader_path/Frameworks";
				PRODUCT_BUNDLE_IDENTIFIER = michal.moskala.MMFoundation;
				PRODUCT_NAME = "$(PROJECT_NAME)";
				SKIP_INSTALL = YES;
				SWIFT_VERSION = 4.0;
				TARGETED_DEVICE_FAMILY = "1,2";
			};
			name = Release;
		};
		35F311AC20F9337D0062AD82 /* Debug */ = {
			isa = XCBuildConfiguration;
			buildSettings = {
				ALWAYS_EMBED_SWIFT_STANDARD_LIBRARIES = YES;
				CLANG_ENABLE_OBJC_WEAK = YES;
				CODE_SIGN_STYLE = Automatic;
				DEVELOPMENT_TEAM = R77HUFLYN8;
				INFOPLIST_FILE = "Sources/Configuration/Info-iOS-unittests.plist";
				IPHONEOS_DEPLOYMENT_TARGET = 11.4;
				LD_RUNPATH_SEARCH_PATHS = "$(inherited) @executable_path/Frameworks @loader_path/Frameworks";
				PRODUCT_BUNDLE_IDENTIFIER = "michal.moskala.MMFoundation-iOSTests";
				PRODUCT_NAME = "$(TARGET_NAME)";
				SWIFT_VERSION = 4.0;
				TARGETED_DEVICE_FAMILY = "1,2";
			};
			name = Debug;
		};
		35F311AD20F9337D0062AD82 /* Release */ = {
			isa = XCBuildConfiguration;
			buildSettings = {
				ALWAYS_EMBED_SWIFT_STANDARD_LIBRARIES = YES;
				CLANG_ENABLE_OBJC_WEAK = YES;
				CODE_SIGN_STYLE = Automatic;
				DEVELOPMENT_TEAM = R77HUFLYN8;
				INFOPLIST_FILE = "Sources/Configuration/Info-iOS-unittests.plist";
				IPHONEOS_DEPLOYMENT_TARGET = 11.4;
				LD_RUNPATH_SEARCH_PATHS = "$(inherited) @executable_path/Frameworks @loader_path/Frameworks";
				PRODUCT_BUNDLE_IDENTIFIER = "michal.moskala.MMFoundation-iOSTests";
				PRODUCT_NAME = "$(TARGET_NAME)";
				SWIFT_VERSION = 4.0;
				TARGETED_DEVICE_FAMILY = "1,2";
			};
			name = Release;
		};
		35F311C520F933A90062AD82 /* Debug */ = {
			isa = XCBuildConfiguration;
			buildSettings = {
				CLANG_ENABLE_OBJC_WEAK = YES;
				CODE_SIGN_IDENTITY = "";
				CODE_SIGN_STYLE = Automatic;
				COMBINE_HIDPI_IMAGES = YES;
				DEFINES_MODULE = YES;
				DEVELOPMENT_TEAM = R77HUFLYN8;
				DYLIB_COMPATIBILITY_VERSION = 1;
				DYLIB_CURRENT_VERSION = 1;
				DYLIB_INSTALL_NAME_BASE = "@rpath";
				FRAMEWORK_VERSION = A;
				INFOPLIST_FILE = "Sources/Configuration/Info-macOS.plist";
				INSTALL_PATH = "$(LOCAL_LIBRARY_DIR)/Frameworks";
				LD_RUNPATH_SEARCH_PATHS = "$(inherited) @executable_path/../Frameworks @loader_path/Frameworks";
				MACOSX_DEPLOYMENT_TARGET = 10.13;
				PRODUCT_BUNDLE_IDENTIFIER = michal.moskala.MMFoundation;
				PRODUCT_NAME = "$(PROJECT_NAME)";
				SDKROOT = macosx;
				SKIP_INSTALL = YES;
				SWIFT_VERSION = 4.0;
			};
			name = Debug;
		};
		35F311C620F933A90062AD82 /* Release */ = {
			isa = XCBuildConfiguration;
			buildSettings = {
				CLANG_ENABLE_OBJC_WEAK = YES;
				CODE_SIGN_IDENTITY = "";
				CODE_SIGN_STYLE = Automatic;
				COMBINE_HIDPI_IMAGES = YES;
				DEFINES_MODULE = YES;
				DEVELOPMENT_TEAM = R77HUFLYN8;
				DYLIB_COMPATIBILITY_VERSION = 1;
				DYLIB_CURRENT_VERSION = 1;
				DYLIB_INSTALL_NAME_BASE = "@rpath";
				FRAMEWORK_VERSION = A;
				INFOPLIST_FILE = "Sources/Configuration/Info-macOS.plist";
				INSTALL_PATH = "$(LOCAL_LIBRARY_DIR)/Frameworks";
				LD_RUNPATH_SEARCH_PATHS = "$(inherited) @executable_path/../Frameworks @loader_path/Frameworks";
				MACOSX_DEPLOYMENT_TARGET = 10.13;
				PRODUCT_BUNDLE_IDENTIFIER = michal.moskala.MMFoundation;
				PRODUCT_NAME = "$(PROJECT_NAME)";
				SDKROOT = macosx;
				SKIP_INSTALL = YES;
				SWIFT_VERSION = 4.0;
			};
			name = Release;
		};
		35F311C820F933A90062AD82 /* Debug */ = {
			isa = XCBuildConfiguration;
			buildSettings = {
				ALWAYS_EMBED_SWIFT_STANDARD_LIBRARIES = YES;
				CLANG_ENABLE_MODULES = YES;
				CLANG_ENABLE_OBJC_WEAK = YES;
				CODE_SIGN_IDENTITY = "Mac Developer";
				CODE_SIGN_STYLE = Automatic;
				COMBINE_HIDPI_IMAGES = YES;
				DEVELOPMENT_TEAM = R77HUFLYN8;
				INFOPLIST_FILE = "Sources/Configuration/Info-macOS-unittests.plist";
				LD_RUNPATH_SEARCH_PATHS = "$(inherited) @executable_path/../Frameworks @loader_path/../Frameworks";
				MACOSX_DEPLOYMENT_TARGET = 10.13;
				PRODUCT_BUNDLE_IDENTIFIER = "michal.moskala.MMFoundation-macOSTests";
				PRODUCT_NAME = "$(TARGET_NAME)";
				SDKROOT = macosx;
				SWIFT_OPTIMIZATION_LEVEL = "-Onone";
				SWIFT_VERSION = 4.0;
			};
			name = Debug;
		};
		35F311C920F933A90062AD82 /* Release */ = {
			isa = XCBuildConfiguration;
			buildSettings = {
				ALWAYS_EMBED_SWIFT_STANDARD_LIBRARIES = YES;
				CLANG_ENABLE_MODULES = YES;
				CLANG_ENABLE_OBJC_WEAK = YES;
				CODE_SIGN_IDENTITY = "Mac Developer";
				CODE_SIGN_STYLE = Automatic;
				COMBINE_HIDPI_IMAGES = YES;
				DEVELOPMENT_TEAM = R77HUFLYN8;
				INFOPLIST_FILE = "Sources/Configuration/Info-macOS-unittests.plist";
				LD_RUNPATH_SEARCH_PATHS = "$(inherited) @executable_path/../Frameworks @loader_path/../Frameworks";
				MACOSX_DEPLOYMENT_TARGET = 10.13;
				PRODUCT_BUNDLE_IDENTIFIER = "michal.moskala.MMFoundation-macOSTests";
				PRODUCT_NAME = "$(TARGET_NAME)";
				SDKROOT = macosx;
				SWIFT_VERSION = 4.0;
			};
			name = Release;
		};
/* End XCBuildConfiguration section */

/* Begin XCConfigurationList section */
		35757C881FD5DB2A0022C2FB /* Build configuration list for PBXProject "MMFoundation" */ = {
			isa = XCConfigurationList;
			buildConfigurations = (
				35757CA01FD5DB2A0022C2FB /* Debug */,
				35757CA11FD5DB2A0022C2FB /* Release */,
			);
			defaultConfigurationIsVisible = 0;
			defaultConfigurationName = Release;
		};
		35F311A820F9337D0062AD82 /* Build configuration list for PBXNativeTarget "MMFoundation-iOS" */ = {
			isa = XCConfigurationList;
			buildConfigurations = (
				35F311A920F9337D0062AD82 /* Debug */,
				35F311AA20F9337D0062AD82 /* Release */,
			);
			defaultConfigurationIsVisible = 0;
			defaultConfigurationName = Release;
		};
		35F311AB20F9337D0062AD82 /* Build configuration list for PBXNativeTarget "MMFoundation-iOSTests" */ = {
			isa = XCConfigurationList;
			buildConfigurations = (
				35F311AC20F9337D0062AD82 /* Debug */,
				35F311AD20F9337D0062AD82 /* Release */,
			);
			defaultConfigurationIsVisible = 0;
			defaultConfigurationName = Release;
		};
		35F311C420F933A90062AD82 /* Build configuration list for PBXNativeTarget "MMFoundation-macOS" */ = {
			isa = XCConfigurationList;
			buildConfigurations = (
				35F311C520F933A90062AD82 /* Debug */,
				35F311C620F933A90062AD82 /* Release */,
			);
			defaultConfigurationIsVisible = 0;
			defaultConfigurationName = Release;
		};
		35F311C720F933A90062AD82 /* Build configuration list for PBXNativeTarget "MMFoundation-macOSTests" */ = {
			isa = XCConfigurationList;
			buildConfigurations = (
				35F311C820F933A90062AD82 /* Debug */,
				35F311C920F933A90062AD82 /* Release */,
			);
			defaultConfigurationIsVisible = 0;
			defaultConfigurationName = Release;
		};
/* End XCConfigurationList section */
	};
	rootObject = 35757C851FD5DB2A0022C2FB /* Project object */;
}
