// !$*UTF8*$!
{
	archiveVersion = 1;
	classes = {
	};
	objectVersion = 48;
	objects = {

/* Begin PBXBuildFile section */
		35F311A020F9337D0062AD82 /* MMFoundation_iOS.framework in Frameworks */ = {isa = PBXBuildFile; fileRef = 35F3119720F9337D0062AD82 /* MMFoundation_iOS.framework */; };
		35F311A520F9337D0062AD82 /* MMFoundation_iOSTests.swift in Sources */ = {isa = PBXBuildFile; fileRef = 35F311A420F9337D0062AD82 /* MMFoundation_iOSTests.swift */; };
		35F311A720F9337D0062AD82 /* MMFoundation_iOS.h in Headers */ = {isa = PBXBuildFile; fileRef = 35F3119920F9337D0062AD82 /* MMFoundation_iOS.h */; settings = {ATTRIBUTES = (Public, ); }; };
		35F311BC20F933A90062AD82 /* MMFoundation_macOS.framework in Frameworks */ = {isa = PBXBuildFile; fileRef = 35F311B320F933A90062AD82 /* MMFoundation_macOS.framework */; };
		35F311C120F933A90062AD82 /* MMFoundation_macOSTests.swift in Sources */ = {isa = PBXBuildFile; fileRef = 35F311C020F933A90062AD82 /* MMFoundation_macOSTests.swift */; };
		35F311C320F933A90062AD82 /* MMFoundation_macOS.h in Headers */ = {isa = PBXBuildFile; fileRef = 35F311B520F933A90062AD82 /* MMFoundation_macOS.h */; settings = {ATTRIBUTES = (Public, ); }; };
/* End PBXBuildFile section */

/* Begin PBXContainerItemProxy section */
		35F311A120F9337D0062AD82 /* PBXContainerItemProxy */ = {
			isa = PBXContainerItemProxy;
			containerPortal = 35757C851FD5DB2A0022C2FB /* Project object */;
			proxyType = 1;
			remoteGlobalIDString = 35F3119620F9337D0062AD82;
			remoteInfo = "MMFoundation-iOS";
		};
		35F311BD20F933A90062AD82 /* PBXContainerItemProxy */ = {
			isa = PBXContainerItemProxy;
			containerPortal = 35757C851FD5DB2A0022C2FB /* Project object */;
			proxyType = 1;
			remoteGlobalIDString = 35F311B220F933A90062AD82;
			remoteInfo = "MMFoundation-macOS";
		};
/* End PBXContainerItemProxy section */

/* Begin PBXFileReference section */
		350C03A120AB74DC006ADECF /* RoundLayerView.swift */ = {isa = PBXFileReference; lastKnownFileType = sourcecode.swift; path = RoundLayerView.swift; sourceTree = "<group>"; };
		350D55B820715F8900BB2F3B /* GradientButton.swift */ = {isa = PBXFileReference; lastKnownFileType = sourcecode.swift; path = GradientButton.swift; sourceTree = "<group>"; };
		352708F7206971D9004DAF8D /* CAGradienLayer+Extension.swift */ = {isa = PBXFileReference; lastKnownFileType = sourcecode.swift; path = "CAGradienLayer+Extension.swift"; sourceTree = "<group>"; };
		352D29A4206AD56900B91E07 /* GradientsTest.swift */ = {isa = PBXFileReference; lastKnownFileType = sourcecode.swift; path = GradientsTest.swift; sourceTree = "<group>"; };
		35757C911FD5DB2A0022C2FB /* MMFoundation.h */ = {isa = PBXFileReference; lastKnownFileType = sourcecode.c.h; path = MMFoundation.h; sourceTree = "<group>"; };
		35757C921FD5DB2A0022C2FB /* Info.plist */ = {isa = PBXFileReference; lastKnownFileType = text.plist.xml; path = Info.plist; sourceTree = "<group>"; };
		35757C9C1FD5DB2A0022C2FB /* MMFoundationTests.swift */ = {isa = PBXFileReference; lastKnownFileType = sourcecode.swift; path = MMFoundationTests.swift; sourceTree = "<group>"; };
		35757C9E1FD5DB2A0022C2FB /* Info.plist */ = {isa = PBXFileReference; lastKnownFileType = text.plist.xml; path = Info.plist; sourceTree = "<group>"; };
		35757CA81FD5DBD50022C2FB /* KeyboardAppearObserver.swift */ = {isa = PBXFileReference; lastKnownFileType = sourcecode.swift; path = KeyboardAppearObserver.swift; sourceTree = "<group>"; };
		35757CAA1FD5E02F0022C2FB /* KeyboardAppearObserverTests.swift */ = {isa = PBXFileReference; lastKnownFileType = sourcecode.swift; path = KeyboardAppearObserverTests.swift; sourceTree = "<group>"; };
		3587F47720A8C2D50072AF49 /* UIViewTests.swift */ = {isa = PBXFileReference; lastKnownFileType = sourcecode.swift; path = UIViewTests.swift; sourceTree = "<group>"; };
		35940B442066966700BB7753 /* GradientView.swift */ = {isa = PBXFileReference; lastKnownFileType = sourcecode.swift; path = GradientView.swift; sourceTree = "<group>"; };
		35940B46206696BF00BB7753 /* GradientRepresenting.swift */ = {isa = PBXFileReference; lastKnownFileType = sourcecode.swift; path = GradientRepresenting.swift; sourceTree = "<group>"; };
		35940B4920669D2E00BB7753 /* CGPoint+Extension.swift */ = {isa = PBXFileReference; lastKnownFileType = sourcecode.swift; path = "CGPoint+Extension.swift"; sourceTree = "<group>"; };
		359D332220F67CA200981FA3 /* ResultsController.swift */ = {isa = PBXFileReference; lastKnownFileType = sourcecode.swift; path = ResultsController.swift; sourceTree = "<group>"; };
		359D332620F67EFB00981FA3 /* CoreDataResultsController.swift */ = {isa = PBXFileReference; lastKnownFileType = sourcecode.swift; path = CoreDataResultsController.swift; sourceTree = "<group>"; };
		359D332820F686E600981FA3 /* UITableView+ResultsControllerDelegate.swift */ = {isa = PBXFileReference; lastKnownFileType = sourcecode.swift; path = "UITableView+ResultsControllerDelegate.swift"; sourceTree = "<group>"; };
		359F703F20A8A3C800C9A694 /* GradientLayerBasing.swift */ = {isa = PBXFileReference; lastKnownFileType = sourcecode.swift; path = GradientLayerBasing.swift; sourceTree = "<group>"; };
		35F14A962000EA6F005EDA59 /* WeakArray.swift */ = {isa = PBXFileReference; lastKnownFileType = sourcecode.swift; path = WeakArray.swift; sourceTree = "<group>"; };
		35F14A982000EBF4005EDA59 /* WeakArrayTests.swift */ = {isa = PBXFileReference; lastKnownFileType = sourcecode.swift; path = WeakArrayTests.swift; sourceTree = "<group>"; };
		35F3117A20F931120062AD82 /* MMFoundation_macOS.h */ = {isa = PBXFileReference; lastKnownFileType = sourcecode.c.h; path = MMFoundation_macOS.h; sourceTree = "<group>"; };
		35F3117B20F931120062AD82 /* Info.plist */ = {isa = PBXFileReference; lastKnownFileType = text.plist.xml; path = Info.plist; sourceTree = "<group>"; };
		35F3118520F931120062AD82 /* MMFoundation_macOSTests.swift */ = {isa = PBXFileReference; lastKnownFileType = sourcecode.swift; path = MMFoundation_macOSTests.swift; sourceTree = "<group>"; };
		35F3118720F931120062AD82 /* Info.plist */ = {isa = PBXFileReference; lastKnownFileType = text.plist.xml; path = Info.plist; sourceTree = "<group>"; };
		35F3119720F9337D0062AD82 /* MMFoundation_iOS.framework */ = {isa = PBXFileReference; explicitFileType = wrapper.framework; includeInIndex = 0; path = MMFoundation_iOS.framework; sourceTree = BUILT_PRODUCTS_DIR; };
		35F3119920F9337D0062AD82 /* MMFoundation_iOS.h */ = {isa = PBXFileReference; lastKnownFileType = sourcecode.c.h; path = MMFoundation_iOS.h; sourceTree = "<group>"; };
		35F3119A20F9337D0062AD82 /* Info.plist */ = {isa = PBXFileReference; lastKnownFileType = text.plist.xml; path = Info.plist; sourceTree = "<group>"; };
		35F3119F20F9337D0062AD82 /* MMFoundation-iOSTests.xctest */ = {isa = PBXFileReference; explicitFileType = wrapper.cfbundle; includeInIndex = 0; path = "MMFoundation-iOSTests.xctest"; sourceTree = BUILT_PRODUCTS_DIR; };
		35F311A420F9337D0062AD82 /* MMFoundation_iOSTests.swift */ = {isa = PBXFileReference; lastKnownFileType = sourcecode.swift; path = MMFoundation_iOSTests.swift; sourceTree = "<group>"; };
		35F311A620F9337D0062AD82 /* Info.plist */ = {isa = PBXFileReference; lastKnownFileType = text.plist.xml; path = Info.plist; sourceTree = "<group>"; };
		35F311B320F933A90062AD82 /* MMFoundation_macOS.framework */ = {isa = PBXFileReference; explicitFileType = wrapper.framework; includeInIndex = 0; path = MMFoundation_macOS.framework; sourceTree = BUILT_PRODUCTS_DIR; };
		35F311B520F933A90062AD82 /* MMFoundation_macOS.h */ = {isa = PBXFileReference; lastKnownFileType = sourcecode.c.h; path = MMFoundation_macOS.h; sourceTree = "<group>"; };
		35F311B620F933A90062AD82 /* Info.plist */ = {isa = PBXFileReference; lastKnownFileType = text.plist.xml; path = Info.plist; sourceTree = "<group>"; };
		35F311BB20F933A90062AD82 /* MMFoundation-macOSTests.xctest */ = {isa = PBXFileReference; explicitFileType = wrapper.cfbundle; includeInIndex = 0; path = "MMFoundation-macOSTests.xctest"; sourceTree = BUILT_PRODUCTS_DIR; };
		35F311C020F933A90062AD82 /* MMFoundation_macOSTests.swift */ = {isa = PBXFileReference; lastKnownFileType = sourcecode.swift; path = MMFoundation_macOSTests.swift; sourceTree = "<group>"; };
		35F311C220F933A90062AD82 /* Info.plist */ = {isa = PBXFileReference; lastKnownFileType = text.plist.xml; path = Info.plist; sourceTree = "<group>"; };
		35FB7E1D20001762001929DF /* WeakBox.swift */ = {isa = PBXFileReference; lastKnownFileType = sourcecode.swift; path = WeakBox.swift; sourceTree = "<group>"; };
		35FB7E21200017CB001929DF /* WeakBoxTests.swift */ = {isa = PBXFileReference; lastKnownFileType = sourcecode.swift; path = WeakBoxTests.swift; sourceTree = "<group>"; };
		909B9B771FE1A2B800E840CA /* UIView+Extension.swift */ = {isa = PBXFileReference; lastKnownFileType = sourcecode.swift; path = "UIView+Extension.swift"; sourceTree = "<group>"; };
/* End PBXFileReference section */

/* Begin PBXFrameworksBuildPhase section */
		35F3119320F9337D0062AD82 /* Frameworks */ = {
			isa = PBXFrameworksBuildPhase;
			buildActionMask = 2147483647;
			files = (
			);
			runOnlyForDeploymentPostprocessing = 0;
		};
		35F3119C20F9337D0062AD82 /* Frameworks */ = {
			isa = PBXFrameworksBuildPhase;
			buildActionMask = 2147483647;
			files = (
				35F311A020F9337D0062AD82 /* MMFoundation_iOS.framework in Frameworks */,
			);
			runOnlyForDeploymentPostprocessing = 0;
		};
		35F311AF20F933A90062AD82 /* Frameworks */ = {
			isa = PBXFrameworksBuildPhase;
			buildActionMask = 2147483647;
			files = (
			);
			runOnlyForDeploymentPostprocessing = 0;
		};
		35F311B820F933A90062AD82 /* Frameworks */ = {
			isa = PBXFrameworksBuildPhase;
			buildActionMask = 2147483647;
			files = (
				35F311BC20F933A90062AD82 /* MMFoundation_macOS.framework in Frameworks */,
			);
			runOnlyForDeploymentPostprocessing = 0;
		};
/* End PBXFrameworksBuildPhase section */

/* Begin PBXGroup section */
		35757C841FD5DB2A0022C2FB = {
			isa = PBXGroup;
			children = (
				35757C901FD5DB2A0022C2FB /* MMFoundation */,
				35757C9B1FD5DB2A0022C2FB /* MMFoundationTests */,
				35F3117920F931120062AD82 /* MMFoundation_macOS */,
				35F3118420F931120062AD82 /* MMFoundation_macOSTests */,
				35F3119820F9337D0062AD82 /* MMFoundation-iOS */,
				35F311A320F9337D0062AD82 /* MMFoundation-iOSTests */,
				35F311B420F933A90062AD82 /* MMFoundation-macOS */,
				35F311BF20F933A90062AD82 /* MMFoundation-macOSTests */,
				35757C8F1FD5DB2A0022C2FB /* Products */,
			);
			sourceTree = "<group>";
		};
		35757C8F1FD5DB2A0022C2FB /* Products */ = {
			isa = PBXGroup;
			children = (
				35F3119720F9337D0062AD82 /* MMFoundation_iOS.framework */,
				35F3119F20F9337D0062AD82 /* MMFoundation-iOSTests.xctest */,
				35F311B320F933A90062AD82 /* MMFoundation_macOS.framework */,
				35F311BB20F933A90062AD82 /* MMFoundation-macOSTests.xctest */,
			);
			name = Products;
			sourceTree = "<group>";
		};
		35757C901FD5DB2A0022C2FB /* MMFoundation */ = {
			isa = PBXGroup;
			children = (
				359D332120F67C8600981FA3 /* ResultsController */,
				35940B422066961900BB7753 /* UI */,
				35757C911FD5DB2A0022C2FB /* MMFoundation.h */,
				35757C921FD5DB2A0022C2FB /* Info.plist */,
				35757CA81FD5DBD50022C2FB /* KeyboardAppearObserver.swift */,
				35FB7E1D20001762001929DF /* WeakBox.swift */,
				35F14A962000EA6F005EDA59 /* WeakArray.swift */,
			);
			path = MMFoundation;
			sourceTree = "<group>";
		};
		35757C9B1FD5DB2A0022C2FB /* MMFoundationTests */ = {
			isa = PBXGroup;
			children = (
				35757C9C1FD5DB2A0022C2FB /* MMFoundationTests.swift */,
				35757C9E1FD5DB2A0022C2FB /* Info.plist */,
				35757CAA1FD5E02F0022C2FB /* KeyboardAppearObserverTests.swift */,
				35FB7E21200017CB001929DF /* WeakBoxTests.swift */,
				35F14A982000EBF4005EDA59 /* WeakArrayTests.swift */,
				352D29A4206AD56900B91E07 /* GradientsTest.swift */,
				3587F47720A8C2D50072AF49 /* UIViewTests.swift */,
			);
			path = MMFoundationTests;
			sourceTree = "<group>";
		};
		35940B422066961900BB7753 /* UI */ = {
			isa = PBXGroup;
			children = (
				35940B4820669D1F00BB7753 /* Geometry */,
				35940B432066962E00BB7753 /* Gradient */,
				909B9B771FE1A2B800E840CA /* UIView+Extension.swift */,
				350C03A120AB74DC006ADECF /* RoundLayerView.swift */,
			);
			path = UI;
			sourceTree = "<group>";
		};
		35940B432066962E00BB7753 /* Gradient */ = {
			isa = PBXGroup;
			children = (
				35940B442066966700BB7753 /* GradientView.swift */,
				35940B46206696BF00BB7753 /* GradientRepresenting.swift */,
				352708F7206971D9004DAF8D /* CAGradienLayer+Extension.swift */,
				350D55B820715F8900BB2F3B /* GradientButton.swift */,
				359F703F20A8A3C800C9A694 /* GradientLayerBasing.swift */,
			);
			path = Gradient;
			sourceTree = "<group>";
		};
		35940B4820669D1F00BB7753 /* Geometry */ = {
			isa = PBXGroup;
			children = (
				35940B4920669D2E00BB7753 /* CGPoint+Extension.swift */,
			);
			path = Geometry;
			sourceTree = "<group>";
		};
		359D332120F67C8600981FA3 /* ResultsController */ = {
			isa = PBXGroup;
			children = (
				359D332220F67CA200981FA3 /* ResultsController.swift */,
				359D332620F67EFB00981FA3 /* CoreDataResultsController.swift */,
				359D332820F686E600981FA3 /* UITableView+ResultsControllerDelegate.swift */,
			);
			path = ResultsController;
			sourceTree = "<group>";
		};
		35F3117920F931120062AD82 /* MMFoundation_macOS */ = {
			isa = PBXGroup;
			children = (
				35F3117A20F931120062AD82 /* MMFoundation_macOS.h */,
				35F3117B20F931120062AD82 /* Info.plist */,
			);
			path = MMFoundation_macOS;
			sourceTree = "<group>";
		};
		35F3118420F931120062AD82 /* MMFoundation_macOSTests */ = {
			isa = PBXGroup;
			children = (
				35F3118520F931120062AD82 /* MMFoundation_macOSTests.swift */,
				35F3118720F931120062AD82 /* Info.plist */,
			);
			path = MMFoundation_macOSTests;
			sourceTree = "<group>";
		};
		35F3119820F9337D0062AD82 /* MMFoundation-iOS */ = {
			isa = PBXGroup;
			children = (
				35F3119920F9337D0062AD82 /* MMFoundation_iOS.h */,
				35F3119A20F9337D0062AD82 /* Info.plist */,
			);
			path = "MMFoundation-iOS";
			sourceTree = "<group>";
		};
		35F311A320F9337D0062AD82 /* MMFoundation-iOSTests */ = {
			isa = PBXGroup;
			children = (
				35F311A420F9337D0062AD82 /* MMFoundation_iOSTests.swift */,
				35F311A620F9337D0062AD82 /* Info.plist */,
			);
			path = "MMFoundation-iOSTests";
			sourceTree = "<group>";
		};
		35F311B420F933A90062AD82 /* MMFoundation-macOS */ = {
			isa = PBXGroup;
			children = (
				35F311B520F933A90062AD82 /* MMFoundation_macOS.h */,
				35F311B620F933A90062AD82 /* Info.plist */,
			);
			path = "MMFoundation-macOS";
			sourceTree = "<group>";
		};
		35F311BF20F933A90062AD82 /* MMFoundation-macOSTests */ = {
			isa = PBXGroup;
			children = (
				35F311C020F933A90062AD82 /* MMFoundation_macOSTests.swift */,
				35F311C220F933A90062AD82 /* Info.plist */,
			);
			path = "MMFoundation-macOSTests";
			sourceTree = "<group>";
		};
/* End PBXGroup section */

/* Begin PBXHeadersBuildPhase section */
		35F3119420F9337D0062AD82 /* Headers */ = {
			isa = PBXHeadersBuildPhase;
			buildActionMask = 2147483647;
			files = (
				35F311A720F9337D0062AD82 /* MMFoundation_iOS.h in Headers */,
			);
			runOnlyForDeploymentPostprocessing = 0;
		};
		35F311B020F933A90062AD82 /* Headers */ = {
			isa = PBXHeadersBuildPhase;
			buildActionMask = 2147483647;
			files = (
				35F311C320F933A90062AD82 /* MMFoundation_macOS.h in Headers */,
			);
			runOnlyForDeploymentPostprocessing = 0;
		};
/* End PBXHeadersBuildPhase section */

/* Begin PBXNativeTarget section */
		35F3119620F9337D0062AD82 /* MMFoundation-iOS */ = {
			isa = PBXNativeTarget;
			buildConfigurationList = 35F311A820F9337D0062AD82 /* Build configuration list for PBXNativeTarget "MMFoundation-iOS" */;
			buildPhases = (
				35F3119220F9337D0062AD82 /* Sources */,
				35F3119320F9337D0062AD82 /* Frameworks */,
				35F3119420F9337D0062AD82 /* Headers */,
				35F3119520F9337D0062AD82 /* Resources */,
			);
			buildRules = (
			);
			dependencies = (
			);
			name = "MMFoundation-iOS";
			productName = "MMFoundation-iOS";
			productReference = 35F3119720F9337D0062AD82 /* MMFoundation_iOS.framework */;
			productType = "com.apple.product-type.framework";
		};
		35F3119E20F9337D0062AD82 /* MMFoundation-iOSTests */ = {
			isa = PBXNativeTarget;
			buildConfigurationList = 35F311AB20F9337D0062AD82 /* Build configuration list for PBXNativeTarget "MMFoundation-iOSTests" */;
			buildPhases = (
				35F3119B20F9337D0062AD82 /* Sources */,
				35F3119C20F9337D0062AD82 /* Frameworks */,
				35F3119D20F9337D0062AD82 /* Resources */,
			);
			buildRules = (
			);
			dependencies = (
				35F311A220F9337D0062AD82 /* PBXTargetDependency */,
			);
			name = "MMFoundation-iOSTests";
			productName = "MMFoundation-iOSTests";
			productReference = 35F3119F20F9337D0062AD82 /* MMFoundation-iOSTests.xctest */;
			productType = "com.apple.product-type.bundle.unit-test";
		};
		35F311B220F933A90062AD82 /* MMFoundation-macOS */ = {
			isa = PBXNativeTarget;
			buildConfigurationList = 35F311C420F933A90062AD82 /* Build configuration list for PBXNativeTarget "MMFoundation-macOS" */;
			buildPhases = (
				35F311AE20F933A90062AD82 /* Sources */,
				35F311AF20F933A90062AD82 /* Frameworks */,
				35F311B020F933A90062AD82 /* Headers */,
				35F311B120F933A90062AD82 /* Resources */,
			);
			buildRules = (
			);
			dependencies = (
			);
			name = "MMFoundation-macOS";
			productName = "MMFoundation-macOS";
			productReference = 35F311B320F933A90062AD82 /* MMFoundation_macOS.framework */;
			productType = "com.apple.product-type.framework";
		};
		35F311BA20F933A90062AD82 /* MMFoundation-macOSTests */ = {
			isa = PBXNativeTarget;
			buildConfigurationList = 35F311C720F933A90062AD82 /* Build configuration list for PBXNativeTarget "MMFoundation-macOSTests" */;
			buildPhases = (
				35F311B720F933A90062AD82 /* Sources */,
				35F311B820F933A90062AD82 /* Frameworks */,
				35F311B920F933A90062AD82 /* Resources */,
			);
			buildRules = (
			);
			dependencies = (
				35F311BE20F933A90062AD82 /* PBXTargetDependency */,
			);
			name = "MMFoundation-macOSTests";
			productName = "MMFoundation-macOSTests";
			productReference = 35F311BB20F933A90062AD82 /* MMFoundation-macOSTests.xctest */;
			productType = "com.apple.product-type.bundle.unit-test";
		};
/* End PBXNativeTarget section */

/* Begin PBXProject section */
		35757C851FD5DB2A0022C2FB /* Project object */ = {
			isa = PBXProject;
			attributes = {
				LastSwiftUpdateCheck = 0940;
				LastUpgradeCheck = 0930;
				ORGANIZATIONNAME = "Michal Moskala";
				TargetAttributes = {
					35F3119620F9337D0062AD82 = {
						CreatedOnToolsVersion = 9.4.1;
						ProvisioningStyle = Automatic;
					};
					35F3119E20F9337D0062AD82 = {
						CreatedOnToolsVersion = 9.4.1;
						ProvisioningStyle = Automatic;
					};
					35F311B220F933A90062AD82 = {
						CreatedOnToolsVersion = 9.4.1;
						ProvisioningStyle = Automatic;
					};
					35F311BA20F933A90062AD82 = {
						CreatedOnToolsVersion = 9.4.1;
						ProvisioningStyle = Automatic;
					};
				};
			};
			buildConfigurationList = 35757C881FD5DB2A0022C2FB /* Build configuration list for PBXProject "MMFoundation" */;
			compatibilityVersion = "Xcode 8.0";
			developmentRegion = en;
			hasScannedForEncodings = 0;
			knownRegions = (
				en,
			);
			mainGroup = 35757C841FD5DB2A0022C2FB;
			productRefGroup = 35757C8F1FD5DB2A0022C2FB /* Products */;
			projectDirPath = "";
			projectRoot = "";
			targets = (
				35F3119620F9337D0062AD82 /* MMFoundation-iOS */,
				35F3119E20F9337D0062AD82 /* MMFoundation-iOSTests */,
				35F311B220F933A90062AD82 /* MMFoundation-macOS */,
				35F311BA20F933A90062AD82 /* MMFoundation-macOSTests */,
			);
		};
/* End PBXProject section */

/* Begin PBXResourcesBuildPhase section */
		35F3119520F9337D0062AD82 /* Resources */ = {
			isa = PBXResourcesBuildPhase;
			buildActionMask = 2147483647;
			files = (
			);
			runOnlyForDeploymentPostprocessing = 0;
		};
		35F3119D20F9337D0062AD82 /* Resources */ = {
			isa = PBXResourcesBuildPhase;
			buildActionMask = 2147483647;
			files = (
			);
			runOnlyForDeploymentPostprocessing = 0;
		};
		35F311B120F933A90062AD82 /* Resources */ = {
			isa = PBXResourcesBuildPhase;
			buildActionMask = 2147483647;
			files = (
			);
			runOnlyForDeploymentPostprocessing = 0;
		};
		35F311B920F933A90062AD82 /* Resources */ = {
			isa = PBXResourcesBuildPhase;
			buildActionMask = 2147483647;
			files = (
			);
			runOnlyForDeploymentPostprocessing = 0;
		};
/* End PBXResourcesBuildPhase section */

/* Begin PBXSourcesBuildPhase section */
		35F3119220F9337D0062AD82 /* Sources */ = {
			isa = PBXSourcesBuildPhase;
			buildActionMask = 2147483647;
			files = (
			);
			runOnlyForDeploymentPostprocessing = 0;
		};
		35F3119B20F9337D0062AD82 /* Sources */ = {
			isa = PBXSourcesBuildPhase;
			buildActionMask = 2147483647;
			files = (
				35F311A520F9337D0062AD82 /* MMFoundation_iOSTests.swift in Sources */,
			);
			runOnlyForDeploymentPostprocessing = 0;
		};
		35F311AE20F933A90062AD82 /* Sources */ = {
			isa = PBXSourcesBuildPhase;
			buildActionMask = 2147483647;
			files = (
			);
			runOnlyForDeploymentPostprocessing = 0;
		};
		35F311B720F933A90062AD82 /* Sources */ = {
			isa = PBXSourcesBuildPhase;
			buildActionMask = 2147483647;
			files = (
				35F311C120F933A90062AD82 /* MMFoundation_macOSTests.swift in Sources */,
			);
			runOnlyForDeploymentPostprocessing = 0;
		};
/* End PBXSourcesBuildPhase section */

/* Begin PBXTargetDependency section */
		35F311A220F9337D0062AD82 /* PBXTargetDependency */ = {
			isa = PBXTargetDependency;
			target = 35F3119620F9337D0062AD82 /* MMFoundation-iOS */;
			targetProxy = 35F311A120F9337D0062AD82 /* PBXContainerItemProxy */;
		};
		35F311BE20F933A90062AD82 /* PBXTargetDependency */ = {
			isa = PBXTargetDependency;
			target = 35F311B220F933A90062AD82 /* MMFoundation-macOS */;
			targetProxy = 35F311BD20F933A90062AD82 /* PBXContainerItemProxy */;
		};
/* End PBXTargetDependency section */

/* Begin XCBuildConfiguration section */
		35757CA01FD5DB2A0022C2FB /* Debug */ = {
			isa = XCBuildConfiguration;
			buildSettings = {
				ALWAYS_SEARCH_USER_PATHS = NO;
				CLANG_ANALYZER_NONNULL = YES;
				CLANG_ANALYZER_NUMBER_OBJECT_CONVERSION = YES_AGGRESSIVE;
				CLANG_CXX_LANGUAGE_STANDARD = "gnu++14";
				CLANG_CXX_LIBRARY = "libc++";
				CLANG_ENABLE_MODULES = YES;
				CLANG_ENABLE_OBJC_ARC = YES;
				CLANG_WARN_BLOCK_CAPTURE_AUTORELEASING = YES;
				CLANG_WARN_BOOL_CONVERSION = YES;
				CLANG_WARN_COMMA = YES;
				CLANG_WARN_CONSTANT_CONVERSION = YES;
				CLANG_WARN_DEPRECATED_OBJC_IMPLEMENTATIONS = YES;
				CLANG_WARN_DIRECT_OBJC_ISA_USAGE = YES_ERROR;
				CLANG_WARN_DOCUMENTATION_COMMENTS = YES;
				CLANG_WARN_EMPTY_BODY = YES;
				CLANG_WARN_ENUM_CONVERSION = YES;
				CLANG_WARN_INFINITE_RECURSION = YES;
				CLANG_WARN_INT_CONVERSION = YES;
				CLANG_WARN_NON_LITERAL_NULL_CONVERSION = YES;
				CLANG_WARN_OBJC_IMPLICIT_RETAIN_SELF = YES;
				CLANG_WARN_OBJC_LITERAL_CONVERSION = YES;
				CLANG_WARN_OBJC_ROOT_CLASS = YES_ERROR;
				CLANG_WARN_RANGE_LOOP_ANALYSIS = YES;
				CLANG_WARN_STRICT_PROTOTYPES = YES;
				CLANG_WARN_SUSPICIOUS_MOVE = YES;
				CLANG_WARN_UNGUARDED_AVAILABILITY = YES_AGGRESSIVE;
				CLANG_WARN_UNREACHABLE_CODE = YES;
				CLANG_WARN__DUPLICATE_METHOD_MATCH = YES;
				CODE_SIGN_IDENTITY = "iPhone Developer";
				COPY_PHASE_STRIP = NO;
				CURRENT_PROJECT_VERSION = 1;
				DEBUG_INFORMATION_FORMAT = dwarf;
				ENABLE_STRICT_OBJC_MSGSEND = YES;
				ENABLE_TESTABILITY = YES;
				GCC_C_LANGUAGE_STANDARD = gnu11;
				GCC_DYNAMIC_NO_PIC = NO;
				GCC_NO_COMMON_BLOCKS = YES;
				GCC_OPTIMIZATION_LEVEL = 0;
				GCC_PREPROCESSOR_DEFINITIONS = (
					"DEBUG=1",
					"$(inherited)",
				);
				GCC_WARN_64_TO_32_BIT_CONVERSION = YES;
				GCC_WARN_ABOUT_RETURN_TYPE = YES_ERROR;
				GCC_WARN_UNDECLARED_SELECTOR = YES;
				GCC_WARN_UNINITIALIZED_AUTOS = YES_AGGRESSIVE;
				GCC_WARN_UNUSED_FUNCTION = YES;
				GCC_WARN_UNUSED_VARIABLE = YES;
				IPHONEOS_DEPLOYMENT_TARGET = 11.1;
				MTL_ENABLE_DEBUG_INFO = YES;
				ONLY_ACTIVE_ARCH = YES;
				SDKROOT = iphoneos;
				SWIFT_ACTIVE_COMPILATION_CONDITIONS = DEBUG;
				SWIFT_OPTIMIZATION_LEVEL = "-Onone";
				VERSIONING_SYSTEM = "apple-generic";
				VERSION_INFO_PREFIX = "";
			};
			name = Debug;
		};
		35757CA11FD5DB2A0022C2FB /* Release */ = {
			isa = XCBuildConfiguration;
			buildSettings = {
				ALWAYS_SEARCH_USER_PATHS = NO;
				CLANG_ANALYZER_NONNULL = YES;
				CLANG_ANALYZER_NUMBER_OBJECT_CONVERSION = YES_AGGRESSIVE;
				CLANG_CXX_LANGUAGE_STANDARD = "gnu++14";
				CLANG_CXX_LIBRARY = "libc++";
				CLANG_ENABLE_MODULES = YES;
				CLANG_ENABLE_OBJC_ARC = YES;
				CLANG_WARN_BLOCK_CAPTURE_AUTORELEASING = YES;
				CLANG_WARN_BOOL_CONVERSION = YES;
				CLANG_WARN_COMMA = YES;
				CLANG_WARN_CONSTANT_CONVERSION = YES;
				CLANG_WARN_DEPRECATED_OBJC_IMPLEMENTATIONS = YES;
				CLANG_WARN_DIRECT_OBJC_ISA_USAGE = YES_ERROR;
				CLANG_WARN_DOCUMENTATION_COMMENTS = YES;
				CLANG_WARN_EMPTY_BODY = YES;
				CLANG_WARN_ENUM_CONVERSION = YES;
				CLANG_WARN_INFINITE_RECURSION = YES;
				CLANG_WARN_INT_CONVERSION = YES;
				CLANG_WARN_NON_LITERAL_NULL_CONVERSION = YES;
				CLANG_WARN_OBJC_IMPLICIT_RETAIN_SELF = YES;
				CLANG_WARN_OBJC_LITERAL_CONVERSION = YES;
				CLANG_WARN_OBJC_ROOT_CLASS = YES_ERROR;
				CLANG_WARN_RANGE_LOOP_ANALYSIS = YES;
				CLANG_WARN_STRICT_PROTOTYPES = YES;
				CLANG_WARN_SUSPICIOUS_MOVE = YES;
				CLANG_WARN_UNGUARDED_AVAILABILITY = YES_AGGRESSIVE;
				CLANG_WARN_UNREACHABLE_CODE = YES;
				CLANG_WARN__DUPLICATE_METHOD_MATCH = YES;
				CODE_SIGN_IDENTITY = "iPhone Developer";
				COPY_PHASE_STRIP = NO;
				CURRENT_PROJECT_VERSION = 1;
				DEBUG_INFORMATION_FORMAT = "dwarf-with-dsym";
				ENABLE_NS_ASSERTIONS = NO;
				ENABLE_STRICT_OBJC_MSGSEND = YES;
				GCC_C_LANGUAGE_STANDARD = gnu11;
				GCC_NO_COMMON_BLOCKS = YES;
				GCC_WARN_64_TO_32_BIT_CONVERSION = YES;
				GCC_WARN_ABOUT_RETURN_TYPE = YES_ERROR;
				GCC_WARN_UNDECLARED_SELECTOR = YES;
				GCC_WARN_UNINITIALIZED_AUTOS = YES_AGGRESSIVE;
				GCC_WARN_UNUSED_FUNCTION = YES;
				GCC_WARN_UNUSED_VARIABLE = YES;
				IPHONEOS_DEPLOYMENT_TARGET = 11.1;
				MTL_ENABLE_DEBUG_INFO = NO;
				SDKROOT = iphoneos;
				SWIFT_OPTIMIZATION_LEVEL = "-Owholemodule";
				VALIDATE_PRODUCT = YES;
				VERSIONING_SYSTEM = "apple-generic";
				VERSION_INFO_PREFIX = "";
			};
			name = Release;
		};
		35F311A920F9337D0062AD82 /* Debug */ = {
			isa = XCBuildConfiguration;
			buildSettings = {
				CLANG_ENABLE_OBJC_WEAK = YES;
				CODE_SIGN_IDENTITY = "";
				CODE_SIGN_STYLE = Automatic;
				DEFINES_MODULE = YES;
				DEVELOPMENT_TEAM = R77HUFLYN8;
				DYLIB_COMPATIBILITY_VERSION = 1;
				DYLIB_CURRENT_VERSION = 1;
				DYLIB_INSTALL_NAME_BASE = "@rpath";
				INFOPLIST_FILE = "MMFoundation-iOS/Info.plist";
				INSTALL_PATH = "$(LOCAL_LIBRARY_DIR)/Frameworks";
				IPHONEOS_DEPLOYMENT_TARGET = 11.4;
				LD_RUNPATH_SEARCH_PATHS = "$(inherited) @executable_path/Frameworks @loader_path/Frameworks";
				PRODUCT_BUNDLE_IDENTIFIER = "michal.moskala.MMFoundation-iOS";
				PRODUCT_NAME = "$(TARGET_NAME:c99extidentifier)";
				SKIP_INSTALL = YES;
				SWIFT_VERSION = 4.0;
				TARGETED_DEVICE_FAMILY = "1,2";
			};
			name = Debug;
		};
		35F311AA20F9337D0062AD82 /* Release */ = {
			isa = XCBuildConfiguration;
			buildSettings = {
				CLANG_ENABLE_OBJC_WEAK = YES;
				CODE_SIGN_IDENTITY = "";
				CODE_SIGN_STYLE = Automatic;
				DEFINES_MODULE = YES;
				DEVELOPMENT_TEAM = R77HUFLYN8;
				DYLIB_COMPATIBILITY_VERSION = 1;
				DYLIB_CURRENT_VERSION = 1;
				DYLIB_INSTALL_NAME_BASE = "@rpath";
				INFOPLIST_FILE = "MMFoundation-iOS/Info.plist";
				INSTALL_PATH = "$(LOCAL_LIBRARY_DIR)/Frameworks";
				IPHONEOS_DEPLOYMENT_TARGET = 11.4;
				LD_RUNPATH_SEARCH_PATHS = "$(inherited) @executable_path/Frameworks @loader_path/Frameworks";
				PRODUCT_BUNDLE_IDENTIFIER = "michal.moskala.MMFoundation-iOS";
				PRODUCT_NAME = "$(TARGET_NAME:c99extidentifier)";
				SKIP_INSTALL = YES;
				SWIFT_VERSION = 4.0;
				TARGETED_DEVICE_FAMILY = "1,2";
			};
			name = Release;
		};
		35F311AC20F9337D0062AD82 /* Debug */ = {
			isa = XCBuildConfiguration;
			buildSettings = {
				CLANG_ENABLE_OBJC_WEAK = YES;
				CODE_SIGN_STYLE = Automatic;
				DEVELOPMENT_TEAM = R77HUFLYN8;
				INFOPLIST_FILE = "MMFoundation-iOSTests/Info.plist";
				IPHONEOS_DEPLOYMENT_TARGET = 11.4;
				LD_RUNPATH_SEARCH_PATHS = "$(inherited) @executable_path/Frameworks @loader_path/Frameworks";
				PRODUCT_BUNDLE_IDENTIFIER = "michal.moskala.MMFoundation-iOSTests";
				PRODUCT_NAME = "$(TARGET_NAME)";
				SWIFT_VERSION = 4.0;
				TARGETED_DEVICE_FAMILY = "1,2";
			};
			name = Debug;
		};
		35F311AD20F9337D0062AD82 /* Release */ = {
			isa = XCBuildConfiguration;
			buildSettings = {
				CLANG_ENABLE_OBJC_WEAK = YES;
				CODE_SIGN_STYLE = Automatic;
				DEVELOPMENT_TEAM = R77HUFLYN8;
				INFOPLIST_FILE = "MMFoundation-iOSTests/Info.plist";
				IPHONEOS_DEPLOYMENT_TARGET = 11.4;
				LD_RUNPATH_SEARCH_PATHS = "$(inherited) @executable_path/Frameworks @loader_path/Frameworks";
				PRODUCT_BUNDLE_IDENTIFIER = "michal.moskala.MMFoundation-iOSTests";
				PRODUCT_NAME = "$(TARGET_NAME)";
				SWIFT_VERSION = 4.0;
				TARGETED_DEVICE_FAMILY = "1,2";
			};
			name = Release;
		};
		35F311C520F933A90062AD82 /* Debug */ = {
			isa = XCBuildConfiguration;
			buildSettings = {
				CLANG_ENABLE_OBJC_WEAK = YES;
				CODE_SIGN_IDENTITY = "Mac Developer";
				CODE_SIGN_STYLE = Automatic;
				COMBINE_HIDPI_IMAGES = YES;
				DEFINES_MODULE = YES;
				DEVELOPMENT_TEAM = R77HUFLYN8;
				DYLIB_COMPATIBILITY_VERSION = 1;
				DYLIB_CURRENT_VERSION = 1;
				DYLIB_INSTALL_NAME_BASE = "@rpath";
				FRAMEWORK_VERSION = A;
				INFOPLIST_FILE = "MMFoundation-macOS/Info.plist";
				INSTALL_PATH = "$(LOCAL_LIBRARY_DIR)/Frameworks";
				LD_RUNPATH_SEARCH_PATHS = "$(inherited) @executable_path/../Frameworks @loader_path/Frameworks";
				MACOSX_DEPLOYMENT_TARGET = 10.13;
				PRODUCT_BUNDLE_IDENTIFIER = "michal.moskala.MMFoundation-macOS";
				PRODUCT_NAME = "$(TARGET_NAME:c99extidentifier)";
				SDKROOT = macosx;
				SKIP_INSTALL = YES;
				SWIFT_VERSION = 4.0;
			};
			name = Debug;
		};
		35F311C620F933A90062AD82 /* Release */ = {
			isa = XCBuildConfiguration;
			buildSettings = {
				CLANG_ENABLE_OBJC_WEAK = YES;
				CODE_SIGN_IDENTITY = "Mac Developer";
				CODE_SIGN_STYLE = Automatic;
				COMBINE_HIDPI_IMAGES = YES;
				DEFINES_MODULE = YES;
				DEVELOPMENT_TEAM = R77HUFLYN8;
				DYLIB_COMPATIBILITY_VERSION = 1;
				DYLIB_CURRENT_VERSION = 1;
				DYLIB_INSTALL_NAME_BASE = "@rpath";
				FRAMEWORK_VERSION = A;
				INFOPLIST_FILE = "MMFoundation-macOS/Info.plist";
				INSTALL_PATH = "$(LOCAL_LIBRARY_DIR)/Frameworks";
				LD_RUNPATH_SEARCH_PATHS = "$(inherited) @executable_path/../Frameworks @loader_path/Frameworks";
				MACOSX_DEPLOYMENT_TARGET = 10.13;
				PRODUCT_BUNDLE_IDENTIFIER = "michal.moskala.MMFoundation-macOS";
				PRODUCT_NAME = "$(TARGET_NAME:c99extidentifier)";
				SDKROOT = macosx;
				SKIP_INSTALL = YES;
				SWIFT_VERSION = 4.0;
			};
			name = Release;
		};
		35F311C820F933A90062AD82 /* Debug */ = {
			isa = XCBuildConfiguration;
			buildSettings = {
				CLANG_ENABLE_OBJC_WEAK = YES;
				CODE_SIGN_IDENTITY = "Mac Developer";
				CODE_SIGN_STYLE = Automatic;
				COMBINE_HIDPI_IMAGES = YES;
				DEVELOPMENT_TEAM = R77HUFLYN8;
				INFOPLIST_FILE = "MMFoundation-macOSTests/Info.plist";
				LD_RUNPATH_SEARCH_PATHS = "$(inherited) @executable_path/../Frameworks @loader_path/../Frameworks";
				MACOSX_DEPLOYMENT_TARGET = 10.13;
				PRODUCT_BUNDLE_IDENTIFIER = "michal.moskala.MMFoundation-macOSTests";
				PRODUCT_NAME = "$(TARGET_NAME)";
				SDKROOT = macosx;
				SWIFT_VERSION = 4.0;
			};
			name = Debug;
		};
		35F311C920F933A90062AD82 /* Release */ = {
			isa = XCBuildConfiguration;
			buildSettings = {
				CLANG_ENABLE_OBJC_WEAK = YES;
				CODE_SIGN_IDENTITY = "Mac Developer";
				CODE_SIGN_STYLE = Automatic;
				COMBINE_HIDPI_IMAGES = YES;
				DEVELOPMENT_TEAM = R77HUFLYN8;
				INFOPLIST_FILE = "MMFoundation-macOSTests/Info.plist";
				LD_RUNPATH_SEARCH_PATHS = "$(inherited) @executable_path/../Frameworks @loader_path/../Frameworks";
				MACOSX_DEPLOYMENT_TARGET = 10.13;
				PRODUCT_BUNDLE_IDENTIFIER = "michal.moskala.MMFoundation-macOSTests";
				PRODUCT_NAME = "$(TARGET_NAME)";
				SDKROOT = macosx;
				SWIFT_VERSION = 4.0;
			};
			name = Release;
		};
/* End XCBuildConfiguration section */

/* Begin XCConfigurationList section */
		35757C881FD5DB2A0022C2FB /* Build configuration list for PBXProject "MMFoundation" */ = {
			isa = XCConfigurationList;
			buildConfigurations = (
				35757CA01FD5DB2A0022C2FB /* Debug */,
				35757CA11FD5DB2A0022C2FB /* Release */,
			);
			defaultConfigurationIsVisible = 0;
			defaultConfigurationName = Release;
		};
		35F311A820F9337D0062AD82 /* Build configuration list for PBXNativeTarget "MMFoundation-iOS" */ = {
			isa = XCConfigurationList;
			buildConfigurations = (
				35F311A920F9337D0062AD82 /* Debug */,
				35F311AA20F9337D0062AD82 /* Release */,
			);
			defaultConfigurationIsVisible = 0;
			defaultConfigurationName = Release;
		};
		35F311AB20F9337D0062AD82 /* Build configuration list for PBXNativeTarget "MMFoundation-iOSTests" */ = {
			isa = XCConfigurationList;
			buildConfigurations = (
				35F311AC20F9337D0062AD82 /* Debug */,
				35F311AD20F9337D0062AD82 /* Release */,
			);
			defaultConfigurationIsVisible = 0;
			defaultConfigurationName = Release;
		};
		35F311C420F933A90062AD82 /* Build configuration list for PBXNativeTarget "MMFoundation-macOS" */ = {
			isa = XCConfigurationList;
			buildConfigurations = (
				35F311C520F933A90062AD82 /* Debug */,
				35F311C620F933A90062AD82 /* Release */,
			);
			defaultConfigurationIsVisible = 0;
			defaultConfigurationName = Release;
		};
		35F311C720F933A90062AD82 /* Build configuration list for PBXNativeTarget "MMFoundation-macOSTests" */ = {
			isa = XCConfigurationList;
			buildConfigurations = (
				35F311C820F933A90062AD82 /* Debug */,
				35F311C920F933A90062AD82 /* Release */,
			);
			defaultConfigurationIsVisible = 0;
			defaultConfigurationName = Release;
		};
/* End XCConfigurationList section */
	};
	rootObject = 35757C851FD5DB2A0022C2FB /* Project object */;
}
